
Microsoft Visual Studio Solution File, Format Version 12.00
# Visual Studio Version 17
VisualStudioVersion = 17.7.34202.233
MinimumVisualStudioVersion = 10.0.40219.1
Project("{FAE04EC0-301F-11D3-BF4B-00C04F79EFBC}") = "EmailCarbonFootprint", "EmailCarbonFootprint\EmailCarbonFootprint.csproj", "{73E2AAE6-AF74-4FFD-ADAA-256EF3455E7C}"
EndProject
Global
	GlobalSection(SolutionConfigurationPlatforms) = preSolution
		Debug|Any CPU = Debug|Any CPU
		Release|Any CPU = Release|Any CPU
	EndGlobalSection
	GlobalSection(ProjectConfigurationPlatforms) = postSolution
		{73E2AAE6-AF74-4FFD-ADAA-256EF3455E7C}.Debug|Any CPU.ActiveCfg = Debug|Any CPU
		{73E2AAE6-AF74-4FFD-ADAA-256EF3455E7C}.Debug|Any CPU.Build.0 = Debug|Any CPU
		{73E2AAE6-AF74-4FFD-ADAA-256EF3455E7C}.Release|Any CPU.ActiveCfg = Release|Any CPU
		{73E2AAE6-AF74-4FFD-ADAA-256EF3455E7C}.Release|Any CPU.Build.0 = Release|Any CPU
	EndGlobalSection
	GlobalSection(SolutionProperties) = preSolution
		HideSolutionNode = FALSE
	EndGlobalSection
	GlobalSection(ExtensibilityGlobals) = postSolution
		SolutionGuid = {1872402B-491D-4E69-9BFF-8EAA5BFE7F64}
	EndGlobalSection
EndGlobal
